{"filter":false,"title":"Gemfile.lock","tooltip":"/messenger-app/Gemfile.lock","undoManager":{"mark":-1,"position":-1,"stack":[]},"ace":{"folds":[],"scrolltop":1147.5,"scrollleft":0,"selection":{"start":{"row":92,"column":11},"end":{"row":92,"column":15},"isBackwards":false},"options":{"guessTabSize":true,"useWrapMode":false,"wrapToView":true},"firstLineState":0},"timestamp":1682398809251,"hash":"255cadd71f07b65243cb4eb82a41fdea3e7fb334"}