{"filter":false,"title":"Gemfile.lock","tooltip":"/fit_finder/Gemfile.lock","ace":{"folds":[],"scrolltop":3845.400000000001,"scrollleft":0,"selection":{"start":{"row":0,"column":0},"end":{"row":353,"column":0},"isBackwards":false},"options":{"guessTabSize":true,"useWrapMode":false,"wrapToView":true},"firstLineState":{"row":14,"state":"start","mode":"ace/mode/text"}},"hash":"f5ffa035509ddf7ced1ab77ea156d04c7aab9abd","mime":"application/octet-stream","undoManager":{"mark":-1,"position":-1,"stack":[]},"timestamp":1684446393269}